
Microsoft Visual Studio Solution File, Format Version 12.00
# Visual Studio Version 17
VisualStudioVersion = 17.2.32526.322
MinimumVisualStudioVersion = 10.0.40219.1
Project("{6EC3EE1D-3C4E-46DD-8F32-0CC8E7565705}") = "PanoraMovie", "PanoraMovie.fsproj", "{65533A50-BF8A-42EC-9826-21811826C88B}"
EndProject
Project("{9A19103F-16F7-4668-BE54-9A1E7A4F7556}") = "PanoraMovie.CSharp", "PanoraMovie.CSharp\PanoraMovie.CSharp.csproj", "{C73EFBC4-9216-4700-90CB-A3245B435AA8}"
EndProject
Global
	GlobalSection(SolutionConfigurationPlatforms) = preSolution
		Debug|Any CPU = Debug|Any CPU
		Release|Any CPU = Release|Any CPU
	EndGlobalSection
	GlobalSection(ProjectConfigurationPlatforms) = postSolution
		{65533A50-BF8A-42EC-9826-21811826C88B}.Debug|Any CPU.ActiveCfg = Debug|Any CPU
		{65533A50-BF8A-42EC-9826-21811826C88B}.Debug|Any CPU.Build.0 = Debug|Any CPU
		{65533A50-BF8A-42EC-9826-21811826C88B}.Debug|Any CPU.Deploy.0 = Debug|Any CPU
		{65533A50-BF8A-42EC-9826-21811826C88B}.Release|Any CPU.ActiveCfg = Release|Any CPU
		{65533A50-BF8A-42EC-9826-21811826C88B}.Release|Any CPU.Build.0 = Release|Any CPU
		{65533A50-BF8A-42EC-9826-21811826C88B}.Release|Any CPU.Deploy.0 = Release|Any CPU
		{C73EFBC4-9216-4700-90CB-A3245B435AA8}.Debug|Any CPU.ActiveCfg = Debug|Any CPU
		{C73EFBC4-9216-4700-90CB-A3245B435AA8}.Debug|Any CPU.Build.0 = Debug|Any CPU
		{C73EFBC4-9216-4700-90CB-A3245B435AA8}.Release|Any CPU.ActiveCfg = Release|Any CPU
		{C73EFBC4-9216-4700-90CB-A3245B435AA8}.Release|Any CPU.Build.0 = Release|Any CPU
	EndGlobalSection
	GlobalSection(SolutionProperties) = preSolution
		HideSolutionNode = FALSE
	EndGlobalSection
	GlobalSection(ExtensibilityGlobals) = postSolution
		SolutionGuid = {EB586ED8-ACDF-4EFE-B163-364FAFC27014}
	EndGlobalSection
EndGlobal
